Microsoft Visual Studio Solution File, Format Version 11.00
# Visual Studio 2008

Project("{A53EDC4C-4305-C1ED-0B2B-FD72A01F06F2}") = "Panzer Cats", "Assembly-CSharp.csproj", "{261305F0-8A75-271E-0F4C-7FD67099BA79}"
EndProject
Project("{A53EDC4C-4305-C1ED-0B2B-FD72A01F06F2}") = "Panzer Cats", "Assembly-CSharp-Editor.csproj", "{ABAED794-3E40-F900-08CF-7FB71DEDE6DD}"
EndProject
Global
	GlobalSection(SolutionConfigurationPlatforms) = preSolution
		Debug|Any CPU = Debug|Any CPU
		Release|Any CPU = Release|Any CPU
	EndGlobalSection
	GlobalSection(ProjectConfigurationPlatforms) = postSolution
		{261305F0-8A75-271E-0F4C-7FD67099BA79}.Debug|Any CPU.ActiveCfg = Debug|Any CPU
		{261305F0-8A75-271E-0F4C-7FD67099BA79}.Debug|Any CPU.Build.0 = Debug|Any CPU
		{261305F0-8A75-271E-0F4C-7FD67099BA79}.Release|Any CPU.ActiveCfg = Release|Any CPU
		{261305F0-8A75-271E-0F4C-7FD67099BA79}.Release|Any CPU.Build.0 = Release|Any CPU
		{ABAED794-3E40-F900-08CF-7FB71DEDE6DD}.Debug|Any CPU.ActiveCfg = Debug|Any CPU
		{ABAED794-3E40-F900-08CF-7FB71DEDE6DD}.Debug|Any CPU.Build.0 = Debug|Any CPU
		{ABAED794-3E40-F900-08CF-7FB71DEDE6DD}.Release|Any CPU.ActiveCfg = Release|Any CPU
		{ABAED794-3E40-F900-08CF-7FB71DEDE6DD}.Release|Any CPU.Build.0 = Release|Any CPU
	EndGlobalSection
	GlobalSection(SolutionProperties) = preSolution
		HideSolutionNode = FALSE
	EndGlobalSection
																							GlobalSection(MonoDevelopProperties) = preSolution
		StartupItem = Assembly-CSharp.csproj
		Policies = $0
		$0.TextStylePolicy = $1
		$1.inheritsSet = null
		$1.scope = text/x-csharp
		$0.CSharpFormattingPolicy = $2
		$2.inheritsSet = Mono
		$2.inheritsScope = text/x-csharp
		$2.scope = text/x-csharp
		$0.TextStylePolicy = $3
		$3.FileWidth = 120
		$3.TabWidth = 4
		$3.EolMarker = Unix
		$3.inheritsSet = Mono
		$3.inheritsScope = text/plain
		$3.scope = text/plain
	EndGlobalSection

EndGlobal
